// !$*UTF8*$!
{
	archiveVersion = 1;
	classes = {
	};
	objectVersion = 56;
	objects = {

/* Begin PBXBuildFile section */
		A10000000000000000000001 /* RepoManApp.swift in Sources */ = {isa = PBXBuildFile; fileRef = B10000000000000000000001 /* RepoManApp.swift */; };
		A10000000000000000000002 /* Theme.swift in Sources */ = {isa = PBXBuildFile; fileRef = B10000000000000000000002 /* Theme.swift */; };
		A10000000000000000000003 /* ContentView.swift in Sources */ = {isa = PBXBuildFile; fileRef = B10000000000000000000003 /* ContentView.swift */; };
		A10000000000000000000004 /* RepositoryStore.swift in Sources */ = {isa = PBXBuildFile; fileRef = B10000000000000000000004 /* RepositoryStore.swift */; };
		A10000000000000000000005 /* RepositoryModels.swift in Sources */ = {isa = PBXBuildFile; fileRef = B10000000000000000000005 /* RepositoryModels.swift */; };
		A10000000000000000000006 /* GitRunner.swift in Sources */ = {isa = PBXBuildFile; fileRef = B10000000000000000000006 /* GitRunner.swift */; };
		A10000000000000000000007 /* GitRepositoryScanner.swift in Sources */ = {isa = PBXBuildFile; fileRef = B10000000000000000000007 /* GitRepositoryScanner.swift */; };
		A10000000000000000000008 /* Assets.xcassets in Resources */ = {isa = PBXBuildFile; fileRef = B10000000000000000000009 /* Assets.xcassets */; };
		A10000000000000000000009 /* RepositoryListOptions.swift in Sources */ = {isa = PBXBuildFile; fileRef = B10000000000000000000010 /* RepositoryListOptions.swift */; };
/* End PBXBuildFile section */

/* Begin PBXFileReference section */
		B10000000000000000000001 /* RepoManApp.swift */ = {isa = PBXFileReference; lastKnownFileType = sourcecode.swift; path = RepoManApp.swift; sourceTree = "<group>"; };
		B10000000000000000000002 /* Theme.swift */ = {isa = PBXFileReference; lastKnownFileType = sourcecode.swift; path = Theme.swift; sourceTree = "<group>"; };
		B10000000000000000000003 /* ContentView.swift */ = {isa = PBXFileReference; lastKnownFileType = sourcecode.swift; path = ContentView.swift; sourceTree = "<group>"; };
		B10000000000000000000004 /* RepositoryStore.swift */ = {isa = PBXFileReference; lastKnownFileType = sourcecode.swift; path = RepositoryStore.swift; sourceTree = "<group>"; };
		B10000000000000000000005 /* RepositoryModels.swift */ = {isa = PBXFileReference; lastKnownFileType = sourcecode.swift; path = RepositoryModels.swift; sourceTree = "<group>"; };
		B10000000000000000000006 /* GitRunner.swift */ = {isa = PBXFileReference; lastKnownFileType = sourcecode.swift; path = GitRunner.swift; sourceTree = "<group>"; };
		B10000000000000000000007 /* GitRepositoryScanner.swift */ = {isa = PBXFileReference; lastKnownFileType = sourcecode.swift; path = GitRepositoryScanner.swift; sourceTree = "<group>"; };
		B10000000000000000000008 /* RepoMan.app */ = {isa = PBXFileReference; explicitFileType = wrapper.application; includeInIndex = 0; path = RepoMan.app; sourceTree = BUILT_PRODUCTS_DIR; };
		B10000000000000000000009 /* Assets.xcassets */ = {isa = PBXFileReference; lastKnownFileType = folder.assetcatalog; path = Assets.xcassets; sourceTree = "<group>"; };
		B10000000000000000000010 /* RepositoryListOptions.swift */ = {isa = PBXFileReference; lastKnownFileType = sourcecode.swift; path = RepositoryListOptions.swift; sourceTree = "<group>"; };
/* End PBXFileReference section */

/* Begin PBXGroup section */
		C10000000000000000000001 = {
			isa = PBXGroup;
			children = (
				C10000000000000000000002 /* RepoMan */,
				C10000000000000000000003 /* RepoManCore */,
				C10000000000000000000004 /* Products */,
			);
			sourceTree = "<group>";
		};
		C10000000000000000000002 /* RepoMan */ = {
			isa = PBXGroup;
			children = (
				B10000000000000000000001 /* RepoManApp.swift */,
				B10000000000000000000002 /* Theme.swift */,
				B10000000000000000000003 /* ContentView.swift */,
				B10000000000000000000004 /* RepositoryStore.swift */,
				B10000000000000000000009 /* Assets.xcassets */,
			);
			path = RepoMan;
			sourceTree = "<group>";
		};
		C10000000000000000000003 /* RepoManCore */ = {
			isa = PBXGroup;
			children = (
				B10000000000000000000005 /* RepositoryModels.swift */,
				B10000000000000000000010 /* RepositoryListOptions.swift */,
				B10000000000000000000006 /* GitRunner.swift */,
				B10000000000000000000007 /* GitRepositoryScanner.swift */,
			);
			path = RepoManCore;
			sourceTree = "<group>";
		};
		C10000000000000000000004 /* Products */ = {
			isa = PBXGroup;
			children = (
				B10000000000000000000008 /* RepoMan.app */,
			);
			name = Products;
			sourceTree = "<group>";
		};
/* End PBXGroup section */

/* Begin PBXNativeTarget section */
		D10000000000000000000001 /* RepoMan */ = {
			isa = PBXNativeTarget;
			buildConfigurationList = G10000000000000000000002 /* Build configuration list for PBXNativeTarget "RepoMan" */;
			buildPhases = (
				E10000000000000000000001 /* Sources */,
				E10000000000000000000002 /* Frameworks */,
				E10000000000000000000003 /* Resources */,
			);
			buildRules = (
			);
			dependencies = (
			);
			name = RepoMan;
			productName = RepoMan;
			productReference = B10000000000000000000008 /* RepoMan.app */;
			productType = "com.apple.product-type.application";
		};
/* End PBXNativeTarget section */

/* Begin PBXProject section */
		D10000000000000000000002 /* Project object */ = {
			isa = PBXProject;
			attributes = {
				BuildIndependentTargetsInParallel = 1;
				LastUpgradeCheck = 2700;
				TargetAttributes = {
					D10000000000000000000001 = {
						CreatedOnToolsVersion = 27.0;
					};
				};
			};
			buildConfigurationList = G10000000000000000000001 /* Build configuration list for PBXProject "RepoMan" */;
			compatibilityVersion = "Xcode 14.0";
			developmentRegion = en;
			hasScannedForEncodings = 0;
			knownRegions = (
				en,
				Base,
			);
			mainGroup = C10000000000000000000001;
			productRefGroup = C10000000000000000000004 /* Products */;
			projectDirPath = "";
			projectRoot = "";
			targets = (
				D10000000000000000000001 /* RepoMan */,
			);
		};
/* End PBXProject section */

/* Begin PBXFrameworksBuildPhase section */
		E10000000000000000000002 /* Frameworks */ = {
			isa = PBXFrameworksBuildPhase;
			buildActionMask = 2147483647;
			files = (
			);
			runOnlyForDeploymentPostprocessing = 0;
		};
/* End PBXFrameworksBuildPhase section */

/* Begin PBXResourcesBuildPhase section */
		E10000000000000000000003 /* Resources */ = {
			isa = PBXResourcesBuildPhase;
			buildActionMask = 2147483647;
			files = (
				A10000000000000000000008 /* Assets.xcassets in Resources */,
			);
			runOnlyForDeploymentPostprocessing = 0;
		};
/* End PBXResourcesBuildPhase section */

/* Begin PBXSourcesBuildPhase section */
		E10000000000000000000001 /* Sources */ = {
			isa = PBXSourcesBuildPhase;
			buildActionMask = 2147483647;
			files = (
				A10000000000000000000001 /* RepoManApp.swift in Sources */,
				A10000000000000000000002 /* Theme.swift in Sources */,
				A10000000000000000000003 /* ContentView.swift in Sources */,
				A10000000000000000000004 /* RepositoryStore.swift in Sources */,
				A10000000000000000000005 /* RepositoryModels.swift in Sources */,
				A10000000000000000000009 /* RepositoryListOptions.swift in Sources */,
				A10000000000000000000006 /* GitRunner.swift in Sources */,
				A10000000000000000000007 /* GitRepositoryScanner.swift in Sources */,
			);
			runOnlyForDeploymentPostprocessing = 0;
		};
/* End PBXSourcesBuildPhase section */

/* Begin XCBuildConfiguration section */
		F10000000000000000000001 /* Debug */ = {
			isa = XCBuildConfiguration;
			buildSettings = {
				ALWAYS_SEARCH_USER_PATHS = NO;
				CLANG_ENABLE_MODULES = YES;
				COPY_PHASE_STRIP = NO;
				DEBUG_INFORMATION_FORMAT = dwarf;
				ENABLE_TESTABILITY = YES;
				GCC_OPTIMIZATION_LEVEL = 0;
				MACOSX_DEPLOYMENT_TARGET = 27.0;
				ONLY_ACTIVE_ARCH = YES;
				SDKROOT = macosx;
				SWIFT_ACTIVE_COMPILATION_CONDITIONS = DEBUG;
				SWIFT_OPTIMIZATION_LEVEL = "-Onone";
			};
			name = Debug;
		};
		F10000000000000000000002 /* Release */ = {
			isa = XCBuildConfiguration;
			buildSettings = {
				ALWAYS_SEARCH_USER_PATHS = NO;
				CLANG_ENABLE_MODULES = YES;
				COPY_PHASE_STRIP = YES;
				DEBUG_INFORMATION_FORMAT = "dwarf-with-dsym";
				MACOSX_DEPLOYMENT_TARGET = 27.0;
				SDKROOT = macosx;
				SWIFT_COMPILATION_MODE = wholemodule;
				SWIFT_OPTIMIZATION_LEVEL = "-O";
			};
			name = Release;
		};
		F10000000000000000000003 /* Debug */ = {
			isa = XCBuildConfiguration;
			buildSettings = {
				ASSETCATALOG_COMPILER_APPICON_NAME = AppIcon;
				CODE_SIGNING_ALLOWED = NO;
				CURRENT_PROJECT_VERSION = 1;
				ENABLE_HARDENED_RUNTIME = YES;
				GENERATE_INFOPLIST_FILE = YES;
				INFOPLIST_KEY_CFBundleDisplayName = RepoMan;
				INFOPLIST_KEY_LSApplicationCategoryType = "public.app-category.developer-tools";
				LD_RUNPATH_SEARCH_PATHS = (
					"$(inherited)",
					"@executable_path/../Frameworks",
				);
				MACOSX_DEPLOYMENT_TARGET = 27.0;
				MARKETING_VERSION = 0.1.0;
				PRODUCT_BUNDLE_IDENTIFIER = com.tsilva.RepoMan;
				PRODUCT_NAME = "$(TARGET_NAME)";
				SWIFT_VERSION = 5.0;
			};
			name = Debug;
		};
		F10000000000000000000004 /* Release */ = {
			isa = XCBuildConfiguration;
			buildSettings = {
				ASSETCATALOG_COMPILER_APPICON_NAME = AppIcon;
				CODE_SIGNING_ALLOWED = NO;
				CURRENT_PROJECT_VERSION = 1;
				ENABLE_HARDENED_RUNTIME = YES;
				GENERATE_INFOPLIST_FILE = YES;
				INFOPLIST_KEY_CFBundleDisplayName = RepoMan;
				INFOPLIST_KEY_LSApplicationCategoryType = "public.app-category.developer-tools";
				LD_RUNPATH_SEARCH_PATHS = (
					"$(inherited)",
					"@executable_path/../Frameworks",
				);
				MACOSX_DEPLOYMENT_TARGET = 27.0;
				MARKETING_VERSION = 0.1.0;
				PRODUCT_BUNDLE_IDENTIFIER = com.tsilva.RepoMan;
				PRODUCT_NAME = "$(TARGET_NAME)";
				SWIFT_VERSION = 5.0;
			};
			name = Release;
		};
/* End XCBuildConfiguration section */

/* Begin XCConfigurationList section */
		G10000000000000000000001 /* Build configuration list for PBXProject "RepoMan" */ = {
			isa = XCConfigurationList;
			buildConfigurations = (
				F10000000000000000000001 /* Debug */,
				F10000000000000000000002 /* Release */,
			);
			defaultConfigurationIsVisible = 0;
			defaultConfigurationName = Release;
		};
		G10000000000000000000002 /* Build configuration list for PBXNativeTarget "RepoMan" */ = {
			isa = XCConfigurationList;
			buildConfigurations = (
				F10000000000000000000003 /* Debug */,
				F10000000000000000000004 /* Release */,
			);
			defaultConfigurationIsVisible = 0;
			defaultConfigurationName = Release;
		};
/* End XCConfigurationList section */
	};
	rootObject = D10000000000000000000002 /* Project object */;
}
